{
  "version": 4,
  "terraform_version": "1.10.2",
  "serial": 1,
  "lineage": "dcbd5988-3103-f22c-d8ac-df01e335f32b",
  "outputs": {},
  "resources": [
    {
      "mode": "managed",
      "type": "local_file",
      "name": "example1",
      "provider": "provider[\"registry.terraform.io/hashicorp/local\"]",
      "instances": [
        {
          "schema_version": 0,
          "attributes": {
            "content": "example1!",
            "content_base64": null,
            "content_base64sha256": "usYH2JbC7rlBM4FLfoTWSYGpn0SCBpRpqbc4KKk5uuY=",
            "content_base64sha512": "KVh3KFV9krh1YdLN7AXsqllWA8rTP94zU/rcabBt9+LnBZh0OtCxUx6+zSMVsvImCWAFjQ/g5GhNHUGZ8Ew6mw==",
            "content_md5": "f11f4f72d3d338809233e84bcd48f490",
            "content_sha1": "de65d387dde323c00f3bd5ec9ec4e9b1352af956",
            "content_sha256": "bac607d896c2eeb94133814b7e84d64981a99f4482069469a9b73828a939bae6",
            "content_sha512": "29587728557d92b87561d2cdec05ecaa595603cad33fde3353fadc69b06df7e2e70598743ad0b1531ebecd2315b2f2260960058d0fe0e4684d1d4199f04c3a9b",
            "directory_permission": "0777",
            "file_permission": "0777",
            "filename": "./example1.txt",
            "id": "de65d387dde323c00f3bd5ec9ec4e9b1352af956",
            "sensitive_content": null,
            "source": null
          },
          "sensitive_attributes": [
            [
              {
                "type": "get_attr",
                "value": "sensitive_content"
              }
            ]
          ]
        }
      ]
    },
    {
      "mode": "managed",
      "type": "local_file",
      "name": "example2",
      "provider": "provider[\"registry.terraform.io/hashicorp/local\"]",
      "instances": [
        {
          "schema_version": 0,
          "attributes": {
            "content": "example2!",
            "content_base64": null,
            "content_base64sha256": "zionksWEy72/P7H6qqtDLbUnkaefJ8rIrk6giJyW04k=",
            "content_base64sha512": "IBWz+5V42QlRRe1LsbuhfFQknxTFlXba1RJpbMyniRu98oNNRHAtFpdqZQwr/3cbYIpmsABCIlu9mNdc6UOpEw==",
            "content_md5": "cf7d83b60cd33e50b7552b25cbef499f",
            "content_sha1": "2a9570642183e9388f9a5891f07cfdd75e66113f",
            "content_sha256": "ce2a2792c584cbbdbf3fb1faaaab432db52791a79f27cac8ae4ea0889c96d389",
            "content_sha512": "2015b3fb9578d9095145ed4bb1bba17c54249f14c59576dad512696ccca7891bbdf2834d44702d16976a650c2bff771b608a66b00042225bbd98d75ce943a913",
            "directory_permission": "0777",
            "file_permission": "0777",
            "filename": "./example2.txt",
            "id": "2a9570642183e9388f9a5891f07cfdd75e66113f",
            "sensitive_content": null,
            "source": null
          },
          "sensitive_attributes": [
            [
              {
                "type": "get_attr",
                "value": "sensitive_content"
              }
            ]
          ]
        }
      ]
    }
  ],
  "check_results": null
}
