{
  "version": 4,
  "terraform_version": "1.10.2",
  "serial": 26,
  "lineage": "41633bdc-c9e2-a847-8c35-7eef8ce8d8cc",
  "outputs": {},
  "resources": [
    {
      "mode": "managed",
      "type": "local_file",
      "name": "tf_example1",
      "provider": "provider[\"registry.terraform.io/hashicorp/local\"]",
      "instances": [
        {
          "index_key": 0,
          "schema_version": 0,
          "attributes": {
            "content": "i am good learner",
            "content_base64": null,
            "content_base64sha256": "ea1To2sn6UcsO06Mb6vaBsU6pp2evG8HAE2VeBo3nyI=",
            "content_base64sha512": "x9z77YUzAY5G0LFlopa1bgEA+vrLgo/D+Ma3mwspnKQdfEguMaEFkAy9HQsuscLnxKZskd+8XSSVBrrLHqSoVQ==",
            "content_md5": "1e4f7f95f3c9e9dcf700c39c98a220a5",
            "content_sha1": "6d01e3c44729ed9df32d4a4544b46edad298d08f",
            "content_sha256": "79ad53a36b27e9472c3b4e8c6fabda06c53aa69d9ebc6f07004d95781a379f22",
            "content_sha512": "c7dcfbed8533018e46d0b165a296b56e0100fafacb828fc3f8c6b79b0b299ca41d7c482e31a105900cbd1d0b2eb1c2e7c4a66c91dfbc5d249506bacb1ea4a855",
            "directory_permission": "0777",
            "file_permission": "0777",
            "filename": "./example-0.txt",
            "id": "6d01e3c44729ed9df32d4a4544b46edad298d08f",
            "sensitive_content": null,
            "source": null
          },
          "sensitive_attributes": [
            [
              {
                "type": "get_attr",
                "value": "sensitive_content"
              }
            ]
          ]
        },
        {
          "index_key": 1,
          "schema_version": 0,
          "attributes": {
            "content": "i am good learner",
            "content_base64": null,
            "content_base64sha256": "ea1To2sn6UcsO06Mb6vaBsU6pp2evG8HAE2VeBo3nyI=",
            "content_base64sha512": "x9z77YUzAY5G0LFlopa1bgEA+vrLgo/D+Ma3mwspnKQdfEguMaEFkAy9HQsuscLnxKZskd+8XSSVBrrLHqSoVQ==",
            "content_md5": "1e4f7f95f3c9e9dcf700c39c98a220a5",
            "content_sha1": "6d01e3c44729ed9df32d4a4544b46edad298d08f",
            "content_sha256": "79ad53a36b27e9472c3b4e8c6fabda06c53aa69d9ebc6f07004d95781a379f22",
            "content_sha512": "c7dcfbed8533018e46d0b165a296b56e0100fafacb828fc3f8c6b79b0b299ca41d7c482e31a105900cbd1d0b2eb1c2e7c4a66c91dfbc5d249506bacb1ea4a855",
            "directory_permission": "0777",
            "file_permission": "0777",
            "filename": "./example-1.txt",
            "id": "6d01e3c44729ed9df32d4a4544b46edad298d08f",
            "sensitive_content": null,
            "source": null
          },
          "sensitive_attributes": [
            [
              {
                "type": "get_attr",
                "value": "sensitive_content"
              }
            ]
          ]
        },
        {
          "index_key": 2,
          "schema_version": 0,
          "attributes": {
            "content": "i am good learner",
            "content_base64": null,
            "content_base64sha256": "ea1To2sn6UcsO06Mb6vaBsU6pp2evG8HAE2VeBo3nyI=",
            "content_base64sha512": "x9z77YUzAY5G0LFlopa1bgEA+vrLgo/D+Ma3mwspnKQdfEguMaEFkAy9HQsuscLnxKZskd+8XSSVBrrLHqSoVQ==",
            "content_md5": "1e4f7f95f3c9e9dcf700c39c98a220a5",
            "content_sha1": "6d01e3c44729ed9df32d4a4544b46edad298d08f",
            "content_sha256": "79ad53a36b27e9472c3b4e8c6fabda06c53aa69d9ebc6f07004d95781a379f22",
            "content_sha512": "c7dcfbed8533018e46d0b165a296b56e0100fafacb828fc3f8c6b79b0b299ca41d7c482e31a105900cbd1d0b2eb1c2e7c4a66c91dfbc5d249506bacb1ea4a855",
            "directory_permission": "0777",
            "file_permission": "0777",
            "filename": "./example-2.txt",
            "id": "6d01e3c44729ed9df32d4a4544b46edad298d08f",
            "sensitive_content": null,
            "source": null
          },
          "sensitive_attributes": [
            [
              {
                "type": "get_attr",
                "value": "sensitive_content"
              }
            ]
          ]
        }
      ]
    }
  ],
  "check_results": null
}
