{
  "version": 4,
  "terraform_version": "1.10.2",
  "serial": 1,
  "lineage": "975557b4-cfdd-3138-36b4-8032b2e3d554",
  "outputs": {},
  "resources": [
    {
      "mode": "managed",
      "type": "local_file",
      "name": "service_configs",
      "provider": "provider[\"registry.terraform.io/hashicorp/local\"]",
      "instances": [
        {
          "schema_version": 0,
          "attributes": {
            "content": "      environment = dev\n      port=3000\n",
            "content_base64": null,
            "content_base64sha256": "La/mYDLdf/J3r0Ng3xjPX1Bb3OLpw8Lk03oyISsmFhs=",
            "content_base64sha512": "w7oKftnWu64bRfEgv3cHGfPtNOly00KMS8yY79LKLrcmY/JEbbmLe4+H+JGIrGPFEKX96Gv0AxBfmjii5srqJw==",
            "content_md5": "e5e1571f83dc3c3d320db927d1351b0f",
            "content_sha1": "326e209e685dcb29e38036ae9a83c8f19200011f",
            "content_sha256": "2dafe66032dd7ff277af4360df18cf5f505bdce2e9c3c2e4d37a32212b26161b",
            "content_sha512": "c3ba0a7ed9d6bbae1b45f120bf770719f3ed34e972d3428c4bcc98efd2ca2eb72663f2446db98b7b8f87f89188ac63c510a5fde86bf403105f9a38a2e6caea27",
            "directory_permission": "0777",
            "file_permission": "0777",
            "filename": "./configs/DEV/server.sh",
            "id": "326e209e685dcb29e38036ae9a83c8f19200011f",
            "sensitive_content": null,
            "source": null
          },
          "sensitive_attributes": [
            [
              {
                "type": "get_attr",
                "value": "sensitive_content"
              }
            ]
          ]
        }
      ]
    }
  ],
  "check_results": null
}
